
Microsoft Visual Studio Solution File, Format Version 12.00
# Visual Studio 15
VisualStudioVersion = 15.0.28307.757
MinimumVisualStudioVersion = 10.0.40219.1
Project("{8BC9CEB8-8B4A-11D0-8D11-00A0C91BC942}") = "02-Server", "02-Server\02-Server.vcxproj", "{0D4623BC-43F3-43DC-9D27-DEFE97F791CB}"
EndProject
Project("{8BC9CEB8-8B4A-11D0-8D11-00A0C91BC942}") = "02-Client", "02-Client\02-Client.vcxproj", "{38B01868-0681-4221-8DC9-9F5032733D9E}"
EndProject
Project("{8BC9CEB8-8B4A-11D0-8D11-00A0C91BC942}") = "01-HelloSocket", "01-HelloSocket\01-HelloSocket.vcxproj", "{6BC2425B-A50A-4B44-8020-35E7061E845C}"
EndProject
Project("{8BC9CEB8-8B4A-11D0-8D11-00A0C91BC942}") = "03-Client", "03-Client\03-Client.vcxproj", "{C98ACD9A-265D-4F97-8AF2-DCCE51F0538E}"
EndProject
Project("{8BC9CEB8-8B4A-11D0-8D11-00A0C91BC942}") = "03-Server", "03-Server\03-Server.vcxproj", "{38D9E87D-BD90-44D6-81F3-18DD2736F24B}"
EndProject
Project("{8BC9CEB8-8B4A-11D0-8D11-00A0C91BC942}") = "04-Client", "04-Client\04-Client.vcxproj", "{BD9F150B-9E82-42F6-85B3-F6DB3C215839}"
EndProject
Project("{8BC9CEB8-8B4A-11D0-8D11-00A0C91BC942}") = "04-Server", "04-Server\04-Server.vcxproj", "{AC9F4F3F-58D2-416C-890C-53C0E71C21F8}"
EndProject
Project("{8BC9CEB8-8B4A-11D0-8D11-00A0C91BC942}") = "05-Client", "05-Client\05-Client.vcxproj", "{4A66182B-679E-4E05-A9A4-7A210FCFC560}"
EndProject
Project("{8BC9CEB8-8B4A-11D0-8D11-00A0C91BC942}") = "05-Server", "05-Server\05-Server.vcxproj", "{87A7A898-8842-4A77-BE6E-FB97D7B05C38}"
EndProject
Project("{8BC9CEB8-8B4A-11D0-8D11-00A0C91BC942}") = "06-Client", "06-Client\06-Client.vcxproj", "{D54D4A68-09E9-46A9-9A65-AC00FADADD5C}"
EndProject
Project("{8BC9CEB8-8B4A-11D0-8D11-00A0C91BC942}") = "06-Server", "06-Server\06-Server.vcxproj", "{F9941F96-FDCE-400B-AA1C-46C924D1D559}"
EndProject
Project("{8BC9CEB8-8B4A-11D0-8D11-00A0C91BC942}") = "07-Client", "07-Client\07-Client.vcxproj", "{3BFBDE71-36DA-4B4A-A9B7-A9DAE5677434}"
EndProject
Project("{8BC9CEB8-8B4A-11D0-8D11-00A0C91BC942}") = "07-Server", "07-Server\07-Server.vcxproj", "{791F6655-997C-4114-BAC3-7173573898BC}"
EndProject
Project("{8BC9CEB8-8B4A-11D0-8D11-00A0C91BC942}") = "08-Client", "08-Client\08-Client.vcxproj", "{2E541416-9E60-4316-9553-B5884103A2AF}"
EndProject
Project("{8BC9CEB8-8B4A-11D0-8D11-00A0C91BC942}") = "08-Server", "08-Server\08-Server.vcxproj", "{0679D428-6827-4928-B72B-4A4C01E1AB46}"
EndProject
Project("{8BC9CEB8-8B4A-11D0-8D11-00A0C91BC942}") = "09-Client", "09-Client\09-Client.vcxproj", "{399965B5-3D12-4721-BA90-C78B3D7CB6FD}"
EndProject
Project("{8BC9CEB8-8B4A-11D0-8D11-00A0C91BC942}") = "09-Server", "09-Server\09-Server.vcxproj", "{0977E6BA-049E-4DB5-B353-E05A6FDE9F1E}"
EndProject
Project("{8BC9CEB8-8B4A-11D0-8D11-00A0C91BC942}") = "10-Client", "10-Client\10-Client.vcxproj", "{1C4A3DF3-988E-41E7-9631-6AFD132B6956}"
EndProject
Project("{8BC9CEB8-8B4A-11D0-8D11-00A0C91BC942}") = "10-Server", "10-Server\10-Server.vcxproj", "{C9A848E5-880B-49EF-9864-1FDF3BA510BC}"
EndProject
Project("{8BC9CEB8-8B4A-11D0-8D11-00A0C91BC942}") = "11-Client", "11-Client\11-Client.vcxproj", "{CD5DE4A2-E7E6-4A89-8E07-E2F95E4D9A8B}"
EndProject
Project("{8BC9CEB8-8B4A-11D0-8D11-00A0C91BC942}") = "11-Server", "11-Server\11-Server.vcxproj", "{99B1B199-26CF-4A62-AB0F-7BEFD68EFB33}"
EndProject
Project("{8BC9CEB8-8B4A-11D0-8D11-00A0C91BC942}") = "12-Client", "12-Client\12-Client.vcxproj", "{66CF50AC-0B80-4D14-A0D3-AF776718F26B}"
EndProject
Project("{8BC9CEB8-8B4A-11D0-8D11-00A0C91BC942}") = "12-Server", "12-Server\12-Server.vcxproj", "{9173D703-C3FA-4A4E-B404-2AD42E128753}"
EndProject
Global
	GlobalSection(SolutionConfigurationPlatforms) = preSolution
		Debug|x64 = Debug|x64
		Debug|x86 = Debug|x86
		Release|x64 = Release|x64
		Release|x86 = Release|x86
	EndGlobalSection
	GlobalSection(ProjectConfigurationPlatforms) = postSolution
		{0D4623BC-43F3-43DC-9D27-DEFE97F791CB}.Debug|x64.ActiveCfg = Debug|x64
		{0D4623BC-43F3-43DC-9D27-DEFE97F791CB}.Debug|x64.Build.0 = Debug|x64
		{0D4623BC-43F3-43DC-9D27-DEFE97F791CB}.Debug|x86.ActiveCfg = Debug|Win32
		{0D4623BC-43F3-43DC-9D27-DEFE97F791CB}.Debug|x86.Build.0 = Debug|Win32
		{0D4623BC-43F3-43DC-9D27-DEFE97F791CB}.Release|x64.ActiveCfg = Release|x64
		{0D4623BC-43F3-43DC-9D27-DEFE97F791CB}.Release|x64.Build.0 = Release|x64
		{0D4623BC-43F3-43DC-9D27-DEFE97F791CB}.Release|x86.ActiveCfg = Release|Win32
		{0D4623BC-43F3-43DC-9D27-DEFE97F791CB}.Release|x86.Build.0 = Release|Win32
		{38B01868-0681-4221-8DC9-9F5032733D9E}.Debug|x64.ActiveCfg = Debug|x64
		{38B01868-0681-4221-8DC9-9F5032733D9E}.Debug|x64.Build.0 = Debug|x64
		{38B01868-0681-4221-8DC9-9F5032733D9E}.Debug|x86.ActiveCfg = Debug|Win32
		{38B01868-0681-4221-8DC9-9F5032733D9E}.Debug|x86.Build.0 = Debug|Win32
		{38B01868-0681-4221-8DC9-9F5032733D9E}.Release|x64.ActiveCfg = Release|x64
		{38B01868-0681-4221-8DC9-9F5032733D9E}.Release|x64.Build.0 = Release|x64
		{38B01868-0681-4221-8DC9-9F5032733D9E}.Release|x86.ActiveCfg = Release|Win32
		{38B01868-0681-4221-8DC9-9F5032733D9E}.Release|x86.Build.0 = Release|Win32
		{6BC2425B-A50A-4B44-8020-35E7061E845C}.Debug|x64.ActiveCfg = Debug|x64
		{6BC2425B-A50A-4B44-8020-35E7061E845C}.Debug|x64.Build.0 = Debug|x64
		{6BC2425B-A50A-4B44-8020-35E7061E845C}.Debug|x86.ActiveCfg = Debug|Win32
		{6BC2425B-A50A-4B44-8020-35E7061E845C}.Debug|x86.Build.0 = Debug|Win32
		{6BC2425B-A50A-4B44-8020-35E7061E845C}.Release|x64.ActiveCfg = Release|x64
		{6BC2425B-A50A-4B44-8020-35E7061E845C}.Release|x64.Build.0 = Release|x64
		{6BC2425B-A50A-4B44-8020-35E7061E845C}.Release|x86.ActiveCfg = Release|Win32
		{6BC2425B-A50A-4B44-8020-35E7061E845C}.Release|x86.Build.0 = Release|Win32
		{C98ACD9A-265D-4F97-8AF2-DCCE51F0538E}.Debug|x64.ActiveCfg = Debug|x64
		{C98ACD9A-265D-4F97-8AF2-DCCE51F0538E}.Debug|x64.Build.0 = Debug|x64
		{C98ACD9A-265D-4F97-8AF2-DCCE51F0538E}.Debug|x86.ActiveCfg = Debug|Win32
		{C98ACD9A-265D-4F97-8AF2-DCCE51F0538E}.Debug|x86.Build.0 = Debug|Win32
		{C98ACD9A-265D-4F97-8AF2-DCCE51F0538E}.Release|x64.ActiveCfg = Release|x64
		{C98ACD9A-265D-4F97-8AF2-DCCE51F0538E}.Release|x64.Build.0 = Release|x64
		{C98ACD9A-265D-4F97-8AF2-DCCE51F0538E}.Release|x86.ActiveCfg = Release|Win32
		{C98ACD9A-265D-4F97-8AF2-DCCE51F0538E}.Release|x86.Build.0 = Release|Win32
		{38D9E87D-BD90-44D6-81F3-18DD2736F24B}.Debug|x64.ActiveCfg = Debug|x64
		{38D9E87D-BD90-44D6-81F3-18DD2736F24B}.Debug|x64.Build.0 = Debug|x64
		{38D9E87D-BD90-44D6-81F3-18DD2736F24B}.Debug|x86.ActiveCfg = Debug|Win32
		{38D9E87D-BD90-44D6-81F3-18DD2736F24B}.Debug|x86.Build.0 = Debug|Win32
		{38D9E87D-BD90-44D6-81F3-18DD2736F24B}.Release|x64.ActiveCfg = Release|x64
		{38D9E87D-BD90-44D6-81F3-18DD2736F24B}.Release|x64.Build.0 = Release|x64
		{38D9E87D-BD90-44D6-81F3-18DD2736F24B}.Release|x86.ActiveCfg = Release|Win32
		{38D9E87D-BD90-44D6-81F3-18DD2736F24B}.Release|x86.Build.0 = Release|Win32
		{BD9F150B-9E82-42F6-85B3-F6DB3C215839}.Debug|x64.ActiveCfg = Debug|x64
		{BD9F150B-9E82-42F6-85B3-F6DB3C215839}.Debug|x64.Build.0 = Debug|x64
		{BD9F150B-9E82-42F6-85B3-F6DB3C215839}.Debug|x86.ActiveCfg = Debug|Win32
		{BD9F150B-9E82-42F6-85B3-F6DB3C215839}.Debug|x86.Build.0 = Debug|Win32
		{BD9F150B-9E82-42F6-85B3-F6DB3C215839}.Release|x64.ActiveCfg = Release|x64
		{BD9F150B-9E82-42F6-85B3-F6DB3C215839}.Release|x64.Build.0 = Release|x64
		{BD9F150B-9E82-42F6-85B3-F6DB3C215839}.Release|x86.ActiveCfg = Release|Win32
		{BD9F150B-9E82-42F6-85B3-F6DB3C215839}.Release|x86.Build.0 = Release|Win32
		{AC9F4F3F-58D2-416C-890C-53C0E71C21F8}.Debug|x64.ActiveCfg = Debug|x64
		{AC9F4F3F-58D2-416C-890C-53C0E71C21F8}.Debug|x64.Build.0 = Debug|x64
		{AC9F4F3F-58D2-416C-890C-53C0E71C21F8}.Debug|x86.ActiveCfg = Debug|Win32
		{AC9F4F3F-58D2-416C-890C-53C0E71C21F8}.Debug|x86.Build.0 = Debug|Win32
		{AC9F4F3F-58D2-416C-890C-53C0E71C21F8}.Release|x64.ActiveCfg = Release|x64
		{AC9F4F3F-58D2-416C-890C-53C0E71C21F8}.Release|x64.Build.0 = Release|x64
		{AC9F4F3F-58D2-416C-890C-53C0E71C21F8}.Release|x86.ActiveCfg = Release|Win32
		{AC9F4F3F-58D2-416C-890C-53C0E71C21F8}.Release|x86.Build.0 = Release|Win32
		{4A66182B-679E-4E05-A9A4-7A210FCFC560}.Debug|x64.ActiveCfg = Debug|x64
		{4A66182B-679E-4E05-A9A4-7A210FCFC560}.Debug|x64.Build.0 = Debug|x64
		{4A66182B-679E-4E05-A9A4-7A210FCFC560}.Debug|x86.ActiveCfg = Debug|Win32
		{4A66182B-679E-4E05-A9A4-7A210FCFC560}.Debug|x86.Build.0 = Debug|Win32
		{4A66182B-679E-4E05-A9A4-7A210FCFC560}.Release|x64.ActiveCfg = Release|x64
		{4A66182B-679E-4E05-A9A4-7A210FCFC560}.Release|x64.Build.0 = Release|x64
		{4A66182B-679E-4E05-A9A4-7A210FCFC560}.Release|x86.ActiveCfg = Release|Win32
		{4A66182B-679E-4E05-A9A4-7A210FCFC560}.Release|x86.Build.0 = Release|Win32
		{87A7A898-8842-4A77-BE6E-FB97D7B05C38}.Debug|x64.ActiveCfg = Debug|x64
		{87A7A898-8842-4A77-BE6E-FB97D7B05C38}.Debug|x64.Build.0 = Debug|x64
		{87A7A898-8842-4A77-BE6E-FB97D7B05C38}.Debug|x86.ActiveCfg = Debug|Win32
		{87A7A898-8842-4A77-BE6E-FB97D7B05C38}.Debug|x86.Build.0 = Debug|Win32
		{87A7A898-8842-4A77-BE6E-FB97D7B05C38}.Release|x64.ActiveCfg = Release|x64
		{87A7A898-8842-4A77-BE6E-FB97D7B05C38}.Release|x64.Build.0 = Release|x64
		{87A7A898-8842-4A77-BE6E-FB97D7B05C38}.Release|x86.ActiveCfg = Release|Win32
		{87A7A898-8842-4A77-BE6E-FB97D7B05C38}.Release|x86.Build.0 = Release|Win32
		{D54D4A68-09E9-46A9-9A65-AC00FADADD5C}.Debug|x64.ActiveCfg = Debug|x64
		{D54D4A68-09E9-46A9-9A65-AC00FADADD5C}.Debug|x64.Build.0 = Debug|x64
		{D54D4A68-09E9-46A9-9A65-AC00FADADD5C}.Debug|x86.ActiveCfg = Debug|Win32
		{D54D4A68-09E9-46A9-9A65-AC00FADADD5C}.Debug|x86.Build.0 = Debug|Win32
		{D54D4A68-09E9-46A9-9A65-AC00FADADD5C}.Release|x64.ActiveCfg = Release|x64
		{D54D4A68-09E9-46A9-9A65-AC00FADADD5C}.Release|x64.Build.0 = Release|x64
		{D54D4A68-09E9-46A9-9A65-AC00FADADD5C}.Release|x86.ActiveCfg = Release|Win32
		{D54D4A68-09E9-46A9-9A65-AC00FADADD5C}.Release|x86.Build.0 = Release|Win32
		{F9941F96-FDCE-400B-AA1C-46C924D1D559}.Debug|x64.ActiveCfg = Debug|x64
		{F9941F96-FDCE-400B-AA1C-46C924D1D559}.Debug|x64.Build.0 = Debug|x64
		{F9941F96-FDCE-400B-AA1C-46C924D1D559}.Debug|x86.ActiveCfg = Debug|Win32
		{F9941F96-FDCE-400B-AA1C-46C924D1D559}.Debug|x86.Build.0 = Debug|Win32
		{F9941F96-FDCE-400B-AA1C-46C924D1D559}.Release|x64.ActiveCfg = Release|x64
		{F9941F96-FDCE-400B-AA1C-46C924D1D559}.Release|x64.Build.0 = Release|x64
		{F9941F96-FDCE-400B-AA1C-46C924D1D559}.Release|x86.ActiveCfg = Release|Win32
		{F9941F96-FDCE-400B-AA1C-46C924D1D559}.Release|x86.Build.0 = Release|Win32
		{3BFBDE71-36DA-4B4A-A9B7-A9DAE5677434}.Debug|x64.ActiveCfg = Debug|x64
		{3BFBDE71-36DA-4B4A-A9B7-A9DAE5677434}.Debug|x64.Build.0 = Debug|x64
		{3BFBDE71-36DA-4B4A-A9B7-A9DAE5677434}.Debug|x86.ActiveCfg = Debug|Win32
		{3BFBDE71-36DA-4B4A-A9B7-A9DAE5677434}.Debug|x86.Build.0 = Debug|Win32
		{3BFBDE71-36DA-4B4A-A9B7-A9DAE5677434}.Release|x64.ActiveCfg = Release|x64
		{3BFBDE71-36DA-4B4A-A9B7-A9DAE5677434}.Release|x64.Build.0 = Release|x64
		{3BFBDE71-36DA-4B4A-A9B7-A9DAE5677434}.Release|x86.ActiveCfg = Release|Win32
		{3BFBDE71-36DA-4B4A-A9B7-A9DAE5677434}.Release|x86.Build.0 = Release|Win32
		{791F6655-997C-4114-BAC3-7173573898BC}.Debug|x64.ActiveCfg = Debug|x64
		{791F6655-997C-4114-BAC3-7173573898BC}.Debug|x64.Build.0 = Debug|x64
		{791F6655-997C-4114-BAC3-7173573898BC}.Debug|x86.ActiveCfg = Debug|Win32
		{791F6655-997C-4114-BAC3-7173573898BC}.Debug|x86.Build.0 = Debug|Win32
		{791F6655-997C-4114-BAC3-7173573898BC}.Release|x64.ActiveCfg = Release|x64
		{791F6655-997C-4114-BAC3-7173573898BC}.Release|x64.Build.0 = Release|x64
		{791F6655-997C-4114-BAC3-7173573898BC}.Release|x86.ActiveCfg = Release|Win32
		{791F6655-997C-4114-BAC3-7173573898BC}.Release|x86.Build.0 = Release|Win32
		{2E541416-9E60-4316-9553-B5884103A2AF}.Debug|x64.ActiveCfg = Debug|x64
		{2E541416-9E60-4316-9553-B5884103A2AF}.Debug|x64.Build.0 = Debug|x64
		{2E541416-9E60-4316-9553-B5884103A2AF}.Debug|x86.ActiveCfg = Debug|Win32
		{2E541416-9E60-4316-9553-B5884103A2AF}.Debug|x86.Build.0 = Debug|Win32
		{2E541416-9E60-4316-9553-B5884103A2AF}.Release|x64.ActiveCfg = Release|x64
		{2E541416-9E60-4316-9553-B5884103A2AF}.Release|x64.Build.0 = Release|x64
		{2E541416-9E60-4316-9553-B5884103A2AF}.Release|x86.ActiveCfg = Release|Win32
		{2E541416-9E60-4316-9553-B5884103A2AF}.Release|x86.Build.0 = Release|Win32
		{0679D428-6827-4928-B72B-4A4C01E1AB46}.Debug|x64.ActiveCfg = Debug|x64
		{0679D428-6827-4928-B72B-4A4C01E1AB46}.Debug|x64.Build.0 = Debug|x64
		{0679D428-6827-4928-B72B-4A4C01E1AB46}.Debug|x86.ActiveCfg = Debug|Win32
		{0679D428-6827-4928-B72B-4A4C01E1AB46}.Debug|x86.Build.0 = Debug|Win32
		{0679D428-6827-4928-B72B-4A4C01E1AB46}.Release|x64.ActiveCfg = Release|x64
		{0679D428-6827-4928-B72B-4A4C01E1AB46}.Release|x64.Build.0 = Release|x64
		{0679D428-6827-4928-B72B-4A4C01E1AB46}.Release|x86.ActiveCfg = Release|Win32
		{0679D428-6827-4928-B72B-4A4C01E1AB46}.Release|x86.Build.0 = Release|Win32
		{399965B5-3D12-4721-BA90-C78B3D7CB6FD}.Debug|x64.ActiveCfg = Debug|x64
		{399965B5-3D12-4721-BA90-C78B3D7CB6FD}.Debug|x64.Build.0 = Debug|x64
		{399965B5-3D12-4721-BA90-C78B3D7CB6FD}.Debug|x86.ActiveCfg = Debug|Win32
		{399965B5-3D12-4721-BA90-C78B3D7CB6FD}.Debug|x86.Build.0 = Debug|Win32
		{399965B5-3D12-4721-BA90-C78B3D7CB6FD}.Release|x64.ActiveCfg = Release|x64
		{399965B5-3D12-4721-BA90-C78B3D7CB6FD}.Release|x64.Build.0 = Release|x64
		{399965B5-3D12-4721-BA90-C78B3D7CB6FD}.Release|x86.ActiveCfg = Release|Win32
		{399965B5-3D12-4721-BA90-C78B3D7CB6FD}.Release|x86.Build.0 = Release|Win32
		{0977E6BA-049E-4DB5-B353-E05A6FDE9F1E}.Debug|x64.ActiveCfg = Debug|x64
		{0977E6BA-049E-4DB5-B353-E05A6FDE9F1E}.Debug|x64.Build.0 = Debug|x64
		{0977E6BA-049E-4DB5-B353-E05A6FDE9F1E}.Debug|x86.ActiveCfg = Debug|Win32
		{0977E6BA-049E-4DB5-B353-E05A6FDE9F1E}.Debug|x86.Build.0 = Debug|Win32
		{0977E6BA-049E-4DB5-B353-E05A6FDE9F1E}.Release|x64.ActiveCfg = Release|x64
		{0977E6BA-049E-4DB5-B353-E05A6FDE9F1E}.Release|x64.Build.0 = Release|x64
		{0977E6BA-049E-4DB5-B353-E05A6FDE9F1E}.Release|x86.ActiveCfg = Release|Win32
		{0977E6BA-049E-4DB5-B353-E05A6FDE9F1E}.Release|x86.Build.0 = Release|Win32
		{1C4A3DF3-988E-41E7-9631-6AFD132B6956}.Debug|x64.ActiveCfg = Debug|x64
		{1C4A3DF3-988E-41E7-9631-6AFD132B6956}.Debug|x64.Build.0 = Debug|x64
		{1C4A3DF3-988E-41E7-9631-6AFD132B6956}.Debug|x86.ActiveCfg = Debug|Win32
		{1C4A3DF3-988E-41E7-9631-6AFD132B6956}.Debug|x86.Build.0 = Debug|Win32
		{1C4A3DF3-988E-41E7-9631-6AFD132B6956}.Release|x64.ActiveCfg = Release|x64
		{1C4A3DF3-988E-41E7-9631-6AFD132B6956}.Release|x64.Build.0 = Release|x64
		{1C4A3DF3-988E-41E7-9631-6AFD132B6956}.Release|x86.ActiveCfg = Release|Win32
		{1C4A3DF3-988E-41E7-9631-6AFD132B6956}.Release|x86.Build.0 = Release|Win32
		{C9A848E5-880B-49EF-9864-1FDF3BA510BC}.Debug|x64.ActiveCfg = Debug|x64
		{C9A848E5-880B-49EF-9864-1FDF3BA510BC}.Debug|x64.Build.0 = Debug|x64
		{C9A848E5-880B-49EF-9864-1FDF3BA510BC}.Debug|x86.ActiveCfg = Debug|Win32
		{C9A848E5-880B-49EF-9864-1FDF3BA510BC}.Debug|x86.Build.0 = Debug|Win32
		{C9A848E5-880B-49EF-9864-1FDF3BA510BC}.Release|x64.ActiveCfg = Release|x64
		{C9A848E5-880B-49EF-9864-1FDF3BA510BC}.Release|x64.Build.0 = Release|x64
		{C9A848E5-880B-49EF-9864-1FDF3BA510BC}.Release|x86.ActiveCfg = Release|Win32
		{C9A848E5-880B-49EF-9864-1FDF3BA510BC}.Release|x86.Build.0 = Release|Win32
		{CD5DE4A2-E7E6-4A89-8E07-E2F95E4D9A8B}.Debug|x64.ActiveCfg = Debug|x64
		{CD5DE4A2-E7E6-4A89-8E07-E2F95E4D9A8B}.Debug|x64.Build.0 = Debug|x64
		{CD5DE4A2-E7E6-4A89-8E07-E2F95E4D9A8B}.Debug|x86.ActiveCfg = Debug|Win32
		{CD5DE4A2-E7E6-4A89-8E07-E2F95E4D9A8B}.Debug|x86.Build.0 = Debug|Win32
		{CD5DE4A2-E7E6-4A89-8E07-E2F95E4D9A8B}.Release|x64.ActiveCfg = Release|x64
		{CD5DE4A2-E7E6-4A89-8E07-E2F95E4D9A8B}.Release|x64.Build.0 = Release|x64
		{CD5DE4A2-E7E6-4A89-8E07-E2F95E4D9A8B}.Release|x86.ActiveCfg = Release|Win32
		{CD5DE4A2-E7E6-4A89-8E07-E2F95E4D9A8B}.Release|x86.Build.0 = Release|Win32
		{99B1B199-26CF-4A62-AB0F-7BEFD68EFB33}.Debug|x64.ActiveCfg = Debug|x64
		{99B1B199-26CF-4A62-AB0F-7BEFD68EFB33}.Debug|x64.Build.0 = Debug|x64
		{99B1B199-26CF-4A62-AB0F-7BEFD68EFB33}.Debug|x86.ActiveCfg = Debug|Win32
		{99B1B199-26CF-4A62-AB0F-7BEFD68EFB33}.Debug|x86.Build.0 = Debug|Win32
		{99B1B199-26CF-4A62-AB0F-7BEFD68EFB33}.Release|x64.ActiveCfg = Release|x64
		{99B1B199-26CF-4A62-AB0F-7BEFD68EFB33}.Release|x64.Build.0 = Release|x64
		{99B1B199-26CF-4A62-AB0F-7BEFD68EFB33}.Release|x86.ActiveCfg = Release|Win32
		{99B1B199-26CF-4A62-AB0F-7BEFD68EFB33}.Release|x86.Build.0 = Release|Win32
		{66CF50AC-0B80-4D14-A0D3-AF776718F26B}.Debug|x64.ActiveCfg = Debug|x64
		{66CF50AC-0B80-4D14-A0D3-AF776718F26B}.Debug|x64.Build.0 = Debug|x64
		{66CF50AC-0B80-4D14-A0D3-AF776718F26B}.Debug|x86.ActiveCfg = Debug|Win32
		{66CF50AC-0B80-4D14-A0D3-AF776718F26B}.Debug|x86.Build.0 = Debug|Win32
		{66CF50AC-0B80-4D14-A0D3-AF776718F26B}.Release|x64.ActiveCfg = Release|x64
		{66CF50AC-0B80-4D14-A0D3-AF776718F26B}.Release|x64.Build.0 = Release|x64
		{66CF50AC-0B80-4D14-A0D3-AF776718F26B}.Release|x86.ActiveCfg = Release|Win32
		{66CF50AC-0B80-4D14-A0D3-AF776718F26B}.Release|x86.Build.0 = Release|Win32
		{9173D703-C3FA-4A4E-B404-2AD42E128753}.Debug|x64.ActiveCfg = Debug|x64
		{9173D703-C3FA-4A4E-B404-2AD42E128753}.Debug|x64.Build.0 = Debug|x64
		{9173D703-C3FA-4A4E-B404-2AD42E128753}.Debug|x86.ActiveCfg = Debug|Win32
		{9173D703-C3FA-4A4E-B404-2AD42E128753}.Debug|x86.Build.0 = Debug|Win32
		{9173D703-C3FA-4A4E-B404-2AD42E128753}.Release|x64.ActiveCfg = Release|x64
		{9173D703-C3FA-4A4E-B404-2AD42E128753}.Release|x64.Build.0 = Release|x64
		{9173D703-C3FA-4A4E-B404-2AD42E128753}.Release|x86.ActiveCfg = Release|Win32
		{9173D703-C3FA-4A4E-B404-2AD42E128753}.Release|x86.Build.0 = Release|Win32
	EndGlobalSection
	GlobalSection(SolutionProperties) = preSolution
		HideSolutionNode = FALSE
	EndGlobalSection
	GlobalSection(ExtensibilityGlobals) = postSolution
		SolutionGuid = {FB62C2AE-2BD6-477C-A73D-9F937C65DF11}
	EndGlobalSection
EndGlobal
