
Microsoft Visual Studio Solution File, Format Version 12.00
# Visual Studio 15
VisualStudioVersion = 15.0.28307.757
MinimumVisualStudioVersion = 10.0.40219.1
Project("{8BC9CEB8-8B4A-11D0-8D11-00A0C91BC942}") = "02-Server", "02-Server\02-Server.vcxproj", "{0D4623BC-43F3-43DC-9D27-DEFE97F791CB}"
EndProject
Project("{8BC9CEB8-8B4A-11D0-8D11-00A0C91BC942}") = "02-Client", "02-Client\02-Client.vcxproj", "{38B01868-0681-4221-8DC9-9F5032733D9E}"
EndProject
Project("{8BC9CEB8-8B4A-11D0-8D11-00A0C91BC942}") = "01-HelloSocket", "01-HelloSocket\01-HelloSocket.vcxproj", "{6BC2425B-A50A-4B44-8020-35E7061E845C}"
EndProject
Project("{8BC9CEB8-8B4A-11D0-8D11-00A0C91BC942}") = "03-Client", "03-Client\03-Client.vcxproj", "{C98ACD9A-265D-4F97-8AF2-DCCE51F0538E}"
EndProject
Project("{8BC9CEB8-8B4A-11D0-8D11-00A0C91BC942}") = "03-Server", "03-Server\03-Server.vcxproj", "{38D9E87D-BD90-44D6-81F3-18DD2736F24B}"
EndProject
Global
	GlobalSection(SolutionConfigurationPlatforms) = preSolution
		Debug|x64 = Debug|x64
		Debug|x86 = Debug|x86
		Release|x64 = Release|x64
		Release|x86 = Release|x86
	EndGlobalSection
	GlobalSection(ProjectConfigurationPlatforms) = postSolution
		{0D4623BC-43F3-43DC-9D27-DEFE97F791CB}.Debug|x64.ActiveCfg = Debug|x64
		{0D4623BC-43F3-43DC-9D27-DEFE97F791CB}.Debug|x64.Build.0 = Debug|x64
		{0D4623BC-43F3-43DC-9D27-DEFE97F791CB}.Debug|x86.ActiveCfg = Debug|Win32
		{0D4623BC-43F3-43DC-9D27-DEFE97F791CB}.Debug|x86.Build.0 = Debug|Win32
		{0D4623BC-43F3-43DC-9D27-DEFE97F791CB}.Release|x64.ActiveCfg = Release|x64
		{0D4623BC-43F3-43DC-9D27-DEFE97F791CB}.Release|x64.Build.0 = Release|x64
		{0D4623BC-43F3-43DC-9D27-DEFE97F791CB}.Release|x86.ActiveCfg = Release|Win32
		{0D4623BC-43F3-43DC-9D27-DEFE97F791CB}.Release|x86.Build.0 = Release|Win32
		{38B01868-0681-4221-8DC9-9F5032733D9E}.Debug|x64.ActiveCfg = Debug|x64
		{38B01868-0681-4221-8DC9-9F5032733D9E}.Debug|x64.Build.0 = Debug|x64
		{38B01868-0681-4221-8DC9-9F5032733D9E}.Debug|x86.ActiveCfg = Debug|Win32
		{38B01868-0681-4221-8DC9-9F5032733D9E}.Debug|x86.Build.0 = Debug|Win32
		{38B01868-0681-4221-8DC9-9F5032733D9E}.Release|x64.ActiveCfg = Release|x64
		{38B01868-0681-4221-8DC9-9F5032733D9E}.Release|x64.Build.0 = Release|x64
		{38B01868-0681-4221-8DC9-9F5032733D9E}.Release|x86.ActiveCfg = Release|Win32
		{38B01868-0681-4221-8DC9-9F5032733D9E}.Release|x86.Build.0 = Release|Win32
		{6BC2425B-A50A-4B44-8020-35E7061E845C}.Debug|x64.ActiveCfg = Debug|x64
		{6BC2425B-A50A-4B44-8020-35E7061E845C}.Debug|x64.Build.0 = Debug|x64
		{6BC2425B-A50A-4B44-8020-35E7061E845C}.Debug|x86.ActiveCfg = Debug|Win32
		{6BC2425B-A50A-4B44-8020-35E7061E845C}.Debug|x86.Build.0 = Debug|Win32
		{6BC2425B-A50A-4B44-8020-35E7061E845C}.Release|x64.ActiveCfg = Release|x64
		{6BC2425B-A50A-4B44-8020-35E7061E845C}.Release|x64.Build.0 = Release|x64
		{6BC2425B-A50A-4B44-8020-35E7061E845C}.Release|x86.ActiveCfg = Release|Win32
		{6BC2425B-A50A-4B44-8020-35E7061E845C}.Release|x86.Build.0 = Release|Win32
		{C98ACD9A-265D-4F97-8AF2-DCCE51F0538E}.Debug|x64.ActiveCfg = Debug|x64
		{C98ACD9A-265D-4F97-8AF2-DCCE51F0538E}.Debug|x64.Build.0 = Debug|x64
		{C98ACD9A-265D-4F97-8AF2-DCCE51F0538E}.Debug|x86.ActiveCfg = Debug|Win32
		{C98ACD9A-265D-4F97-8AF2-DCCE51F0538E}.Debug|x86.Build.0 = Debug|Win32
		{C98ACD9A-265D-4F97-8AF2-DCCE51F0538E}.Release|x64.ActiveCfg = Release|x64
		{C98ACD9A-265D-4F97-8AF2-DCCE51F0538E}.Release|x64.Build.0 = Release|x64
		{C98ACD9A-265D-4F97-8AF2-DCCE51F0538E}.Release|x86.ActiveCfg = Release|Win32
		{C98ACD9A-265D-4F97-8AF2-DCCE51F0538E}.Release|x86.Build.0 = Release|Win32
		{38D9E87D-BD90-44D6-81F3-18DD2736F24B}.Debug|x64.ActiveCfg = Debug|x64
		{38D9E87D-BD90-44D6-81F3-18DD2736F24B}.Debug|x64.Build.0 = Debug|x64
		{38D9E87D-BD90-44D6-81F3-18DD2736F24B}.Debug|x86.ActiveCfg = Debug|Win32
		{38D9E87D-BD90-44D6-81F3-18DD2736F24B}.Debug|x86.Build.0 = Debug|Win32
		{38D9E87D-BD90-44D6-81F3-18DD2736F24B}.Release|x64.ActiveCfg = Release|x64
		{38D9E87D-BD90-44D6-81F3-18DD2736F24B}.Release|x64.Build.0 = Release|x64
		{38D9E87D-BD90-44D6-81F3-18DD2736F24B}.Release|x86.ActiveCfg = Release|Win32
		{38D9E87D-BD90-44D6-81F3-18DD2736F24B}.Release|x86.Build.0 = Release|Win32
	EndGlobalSection
	GlobalSection(SolutionProperties) = preSolution
		HideSolutionNode = FALSE
	EndGlobalSection
	GlobalSection(ExtensibilityGlobals) = postSolution
		SolutionGuid = {FB62C2AE-2BD6-477C-A73D-9F937C65DF11}
	EndGlobalSection
EndGlobal
